// !$*UTF8*$!
{
	archiveVersion = 1;
	classes = {
	};
	objectVersion = 50;
	objects = {

/* Begin PBXBuildFile section */
		37071D7021008507001960CE /* AppDelegate.m in Sources */ = {isa = PBXBuildFile; fileRef = 37071D6F21008507001960CE /* AppDelegate.m */; };
		37071D7321008507001960CE /* ViewController.m in Sources */ = {isa = PBXBuildFile; fileRef = 37071D7221008507001960CE /* ViewController.m */; };
		37071D7621008507001960CE /* Main.storyboard in Resources */ = {isa = PBXBuildFile; fileRef = 37071D7421008507001960CE /* Main.storyboard */; };
		37071D7821008508001960CE /* Assets.xcassets in Resources */ = {isa = PBXBuildFile; fileRef = 37071D7721008508001960CE /* Assets.xcassets */; };
		37071D7B21008508001960CE /* LaunchScreen.storyboard in Resources */ = {isa = PBXBuildFile; fileRef = 37071D7921008508001960CE /* LaunchScreen.storyboard */; };
		37071D7E21008508001960CE /* main.m in Sources */ = {isa = PBXBuildFile; fileRef = 37071D7D21008508001960CE /* main.m */; };
		37071D8821008508001960CE /* __cell_____Tests.m in Sources */ = {isa = PBXBuildFile; fileRef = 37071D8721008508001960CE /* __cell_____Tests.m */; };
		37071D9321008508001960CE /* __cell_____UITests.m in Sources */ = {isa = PBXBuildFile; fileRef = 37071D9221008508001960CE /* __cell_____UITests.m */; };
		37071DA221008E3A001960CE /* LJTempCell.m in Sources */ = {isa = PBXBuildFile; fileRef = 37071DA121008E3A001960CE /* LJTempCell.m */; };
		37071DA521009F46001960CE /* ico_listup.png in Resources */ = {isa = PBXBuildFile; fileRef = 37071DA321009F46001960CE /* ico_listup.png */; };
		37071DA621009F46001960CE /* ico_listdown.png in Resources */ = {isa = PBXBuildFile; fileRef = 37071DA421009F46001960CE /* ico_listdown.png */; };
/* End PBXBuildFile section */

/* Begin PBXContainerItemProxy section */
		37071D8421008508001960CE /* PBXContainerItemProxy */ = {
			isa = PBXContainerItemProxy;
			containerPortal = 37071D6321008507001960CE /* Project object */;
			proxyType = 1;
			remoteGlobalIDString = 37071D6A21008507001960CE;
			remoteInfo = "折叠cell+快速定位";
		};
		37071D8F21008508001960CE /* PBXContainerItemProxy */ = {
			isa = PBXContainerItemProxy;
			containerPortal = 37071D6321008507001960CE /* Project object */;
			proxyType = 1;
			remoteGlobalIDString = 37071D6A21008507001960CE;
			remoteInfo = "折叠cell+快速定位";
		};
/* End PBXContainerItemProxy section */

/* Begin PBXFileReference section */
		37071D6B21008507001960CE /* 折叠cell+快速定位.app */ = {isa = PBXFileReference; explicitFileType = wrapper.application; includeInIndex = 0; path = "折叠cell+快速定位.app"; sourceTree = BUILT_PRODUCTS_DIR; };
		37071D6E21008507001960CE /* AppDelegate.h */ = {isa = PBXFileReference; lastKnownFileType = sourcecode.c.h; path = AppDelegate.h; sourceTree = "<group>"; };
		37071D6F21008507001960CE /* AppDelegate.m */ = {isa = PBXFileReference; lastKnownFileType = sourcecode.c.objc; path = AppDelegate.m; sourceTree = "<group>"; };
		37071D7121008507001960CE /* ViewController.h */ = {isa = PBXFileReference; lastKnownFileType = sourcecode.c.h; path = ViewController.h; sourceTree = "<group>"; };
		37071D7221008507001960CE /* ViewController.m */ = {isa = PBXFileReference; lastKnownFileType = sourcecode.c.objc; path = ViewController.m; sourceTree = "<group>"; };
		37071D7521008507001960CE /* Base */ = {isa = PBXFileReference; lastKnownFileType = file.storyboard; name = Base; path = Base.lproj/Main.storyboard; sourceTree = "<group>"; };
		37071D7721008508001960CE /* Assets.xcassets */ = {isa = PBXFileReference; lastKnownFileType = folder.assetcatalog; path = Assets.xcassets; sourceTree = "<group>"; };
		37071D7A21008508001960CE /* Base */ = {isa = PBXFileReference; lastKnownFileType = file.storyboard; name = Base; path = Base.lproj/LaunchScreen.storyboard; sourceTree = "<group>"; };
		37071D7C21008508001960CE /* Info.plist */ = {isa = PBXFileReference; lastKnownFileType = text.plist.xml; path = Info.plist; sourceTree = "<group>"; };
		37071D7D21008508001960CE /* main.m */ = {isa = PBXFileReference; lastKnownFileType = sourcecode.c.objc; path = main.m; sourceTree = "<group>"; };
		37071D8321008508001960CE /* 折叠cell+快速定位Tests.xctest */ = {isa = PBXFileReference; explicitFileType = wrapper.cfbundle; includeInIndex = 0; path = "折叠cell+快速定位Tests.xctest"; sourceTree = BUILT_PRODUCTS_DIR; };
		37071D8721008508001960CE /* __cell_____Tests.m */ = {isa = PBXFileReference; lastKnownFileType = sourcecode.c.objc; path = "__cell_____Tests.m"; sourceTree = "<group>"; };
		37071D8921008508001960CE /* Info.plist */ = {isa = PBXFileReference; lastKnownFileType = text.plist.xml; path = Info.plist; sourceTree = "<group>"; };
		37071D8E21008508001960CE /* 折叠cell+快速定位UITests.xctest */ = {isa = PBXFileReference; explicitFileType = wrapper.cfbundle; includeInIndex = 0; path = "折叠cell+快速定位UITests.xctest"; sourceTree = BUILT_PRODUCTS_DIR; };
		37071D9221008508001960CE /* __cell_____UITests.m */ = {isa = PBXFileReference; lastKnownFileType = sourcecode.c.objc; path = "__cell_____UITests.m"; sourceTree = "<group>"; };
		37071D9421008508001960CE /* Info.plist */ = {isa = PBXFileReference; lastKnownFileType = text.plist.xml; path = Info.plist; sourceTree = "<group>"; };
		37071DA021008E3A001960CE /* LJTempCell.h */ = {isa = PBXFileReference; lastKnownFileType = sourcecode.c.h; path = LJTempCell.h; sourceTree = "<group>"; };
		37071DA121008E3A001960CE /* LJTempCell.m */ = {isa = PBXFileReference; lastKnownFileType = sourcecode.c.objc; path = LJTempCell.m; sourceTree = "<group>"; };
		37071DA321009F46001960CE /* ico_listup.png */ = {isa = PBXFileReference; lastKnownFileType = image.png; path = ico_listup.png; sourceTree = "<group>"; };
		37071DA421009F46001960CE /* ico_listdown.png */ = {isa = PBXFileReference; lastKnownFileType = image.png; path = ico_listdown.png; sourceTree = "<group>"; };
/* End PBXFileReference section */

/* Begin PBXFrameworksBuildPhase section */
		37071D6821008507001960CE /* Frameworks */ = {
			isa = PBXFrameworksBuildPhase;
			buildActionMask = 2147483647;
			files = (
			);
			runOnlyForDeploymentPostprocessing = 0;
		};
		37071D8021008508001960CE /* Frameworks */ = {
			isa = PBXFrameworksBuildPhase;
			buildActionMask = 2147483647;
			files = (
			);
			runOnlyForDeploymentPostprocessing = 0;
		};
		37071D8B21008508001960CE /* Frameworks */ = {
			isa = PBXFrameworksBuildPhase;
			buildActionMask = 2147483647;
			files = (
			);
			runOnlyForDeploymentPostprocessing = 0;
		};
/* End PBXFrameworksBuildPhase section */

/* Begin PBXGroup section */
		37071D6221008507001960CE = {
			isa = PBXGroup;
			children = (
				37071D6D21008507001960CE /* 折叠cell+快速定位 */,
				37071D8621008508001960CE /* 折叠cell+快速定位Tests */,
				37071D9121008508001960CE /* 折叠cell+快速定位UITests */,
				37071D6C21008507001960CE /* Products */,
			);
			sourceTree = "<group>";
		};
		37071D6C21008507001960CE /* Products */ = {
			isa = PBXGroup;
			children = (
				37071D6B21008507001960CE /* 折叠cell+快速定位.app */,
				37071D8321008508001960CE /* 折叠cell+快速定位Tests.xctest */,
				37071D8E21008508001960CE /* 折叠cell+快速定位UITests.xctest */,
			);
			name = Products;
			sourceTree = "<group>";
		};
		37071D6D21008507001960CE /* 折叠cell+快速定位 */ = {
			isa = PBXGroup;
			children = (
				37071DA421009F46001960CE /* ico_listdown.png */,
				37071DA321009F46001960CE /* ico_listup.png */,
				37071D6E21008507001960CE /* AppDelegate.h */,
				37071D6F21008507001960CE /* AppDelegate.m */,
				37071DA021008E3A001960CE /* LJTempCell.h */,
				37071DA121008E3A001960CE /* LJTempCell.m */,
				37071D7121008507001960CE /* ViewController.h */,
				37071D7221008507001960CE /* ViewController.m */,
				37071D7421008507001960CE /* Main.storyboard */,
				37071D7721008508001960CE /* Assets.xcassets */,
				37071D7921008508001960CE /* LaunchScreen.storyboard */,
				37071D7C21008508001960CE /* Info.plist */,
				37071D7D21008508001960CE /* main.m */,
			);
			path = "折叠cell+快速定位";
			sourceTree = "<group>";
		};
		37071D8621008508001960CE /* 折叠cell+快速定位Tests */ = {
			isa = PBXGroup;
			children = (
				37071D8721008508001960CE /* __cell_____Tests.m */,
				37071D8921008508001960CE /* Info.plist */,
			);
			path = "折叠cell+快速定位Tests";
			sourceTree = "<group>";
		};
		37071D9121008508001960CE /* 折叠cell+快速定位UITests */ = {
			isa = PBXGroup;
			children = (
				37071D9221008508001960CE /* __cell_____UITests.m */,
				37071D9421008508001960CE /* Info.plist */,
			);
			path = "折叠cell+快速定位UITests";
			sourceTree = "<group>";
		};
/* End PBXGroup section */

/* Begin PBXNativeTarget section */
		37071D6A21008507001960CE /* 折叠cell+快速定位 */ = {
			isa = PBXNativeTarget;
			buildConfigurationList = 37071D9721008508001960CE /* Build configuration list for PBXNativeTarget "折叠cell+快速定位" */;
			buildPhases = (
				37071D6721008507001960CE /* Sources */,
				37071D6821008507001960CE /* Frameworks */,
				37071D6921008507001960CE /* Resources */,
			);
			buildRules = (
			);
			dependencies = (
			);
			name = "折叠cell+快速定位";
			productName = "折叠cell+快速定位";
			productReference = 37071D6B21008507001960CE /* 折叠cell+快速定位.app */;
			productType = "com.apple.product-type.application";
		};
		37071D8221008508001960CE /* 折叠cell+快速定位Tests */ = {
			isa = PBXNativeTarget;
			buildConfigurationList = 37071D9A21008508001960CE /* Build configuration list for PBXNativeTarget "折叠cell+快速定位Tests" */;
			buildPhases = (
				37071D7F21008508001960CE /* Sources */,
				37071D8021008508001960CE /* Frameworks */,
				37071D8121008508001960CE /* Resources */,
			);
			buildRules = (
			);
			dependencies = (
				37071D8521008508001960CE /* PBXTargetDependency */,
			);
			name = "折叠cell+快速定位Tests";
			productName = "折叠cell+快速定位Tests";
			productReference = 37071D8321008508001960CE /* 折叠cell+快速定位Tests.xctest */;
			productType = "com.apple.product-type.bundle.unit-test";
		};
		37071D8D21008508001960CE /* 折叠cell+快速定位UITests */ = {
			isa = PBXNativeTarget;
			buildConfigurationList = 37071D9D21008508001960CE /* Build configuration list for PBXNativeTarget "折叠cell+快速定位UITests" */;
			buildPhases = (
				37071D8A21008508001960CE /* Sources */,
				37071D8B21008508001960CE /* Frameworks */,
				37071D8C21008508001960CE /* Resources */,
			);
			buildRules = (
			);
			dependencies = (
				37071D9021008508001960CE /* PBXTargetDependency */,
			);
			name = "折叠cell+快速定位UITests";
			productName = "折叠cell+快速定位UITests";
			productReference = 37071D8E21008508001960CE /* 折叠cell+快速定位UITests.xctest */;
			productType = "com.apple.product-type.bundle.ui-testing";
		};
/* End PBXNativeTarget section */

/* Begin PBXProject section */
		37071D6321008507001960CE /* Project object */ = {
			isa = PBXProject;
			attributes = {
				LastUpgradeCheck = 0940;
				ORGANIZATIONNAME = "莱尔夫";
				TargetAttributes = {
					37071D6A21008507001960CE = {
						CreatedOnToolsVersion = 9.4.1;
					};
					37071D8221008508001960CE = {
						CreatedOnToolsVersion = 9.4.1;
						TestTargetID = 37071D6A21008507001960CE;
					};
					37071D8D21008508001960CE = {
						CreatedOnToolsVersion = 9.4.1;
						TestTargetID = 37071D6A21008507001960CE;
					};
				};
			};
			buildConfigurationList = 37071D6621008507001960CE /* Build configuration list for PBXProject "折叠cell+快速定位" */;
			compatibilityVersion = "Xcode 9.3";
			developmentRegion = en;
			hasScannedForEncodings = 0;
			knownRegions = (
				en,
				Base,
			);
			mainGroup = 37071D6221008507001960CE;
			productRefGroup = 37071D6C21008507001960CE /* Products */;
			projectDirPath = "";
			projectRoot = "";
			targets = (
				37071D6A21008507001960CE /* 折叠cell+快速定位 */,
				37071D8221008508001960CE /* 折叠cell+快速定位Tests */,
				37071D8D21008508001960CE /* 折叠cell+快速定位UITests */,
			);
		};
/* End PBXProject section */

/* Begin PBXResourcesBuildPhase section */
		37071D6921008507001960CE /* Resources */ = {
			isa = PBXResourcesBuildPhase;
			buildActionMask = 2147483647;
			files = (
				37071DA521009F46001960CE /* ico_listup.png in Resources */,
				37071D7B21008508001960CE /* LaunchScreen.storyboard in Resources */,
				37071D7821008508001960CE /* Assets.xcassets in Resources */,
				37071D7621008507001960CE /* Main.storyboard in Resources */,
				37071DA621009F46001960CE /* ico_listdown.png in Resources */,
			);
			runOnlyForDeploymentPostprocessing = 0;
		};
		37071D8121008508001960CE /* Resources */ = {
			isa = PBXResourcesBuildPhase;
			buildActionMask = 2147483647;
			files = (
			);
			runOnlyForDeploymentPostprocessing = 0;
		};
		37071D8C21008508001960CE /* Resources */ = {
			isa = PBXResourcesBuildPhase;
			buildActionMask = 2147483647;
			files = (
			);
			runOnlyForDeploymentPostprocessing = 0;
		};
/* End PBXResourcesBuildPhase section */

/* Begin PBXSourcesBuildPhase section */
		37071D6721008507001960CE /* Sources */ = {
			isa = PBXSourcesBuildPhase;
			buildActionMask = 2147483647;
			files = (
				37071D7321008507001960CE /* ViewController.m in Sources */,
				37071D7E21008508001960CE /* main.m in Sources */,
				37071D7021008507001960CE /* AppDelegate.m in Sources */,
				37071DA221008E3A001960CE /* LJTempCell.m in Sources */,
			);
			runOnlyForDeploymentPostprocessing = 0;
		};
		37071D7F21008508001960CE /* Sources */ = {
			isa = PBXSourcesBuildPhase;
			buildActionMask = 2147483647;
			files = (
				37071D8821008508001960CE /* __cell_____Tests.m in Sources */,
			);
			runOnlyForDeploymentPostprocessing = 0;
		};
		37071D8A21008508001960CE /* Sources */ = {
			isa = PBXSourcesBuildPhase;
			buildActionMask = 2147483647;
			files = (
				37071D9321008508001960CE /* __cell_____UITests.m in Sources */,
			);
			runOnlyForDeploymentPostprocessing = 0;
		};
/* End PBXSourcesBuildPhase section */

/* Begin PBXTargetDependency section */
		37071D8521008508001960CE /* PBXTargetDependency */ = {
			isa = PBXTargetDependency;
			target = 37071D6A21008507001960CE /* 折叠cell+快速定位 */;
			targetProxy = 37071D8421008508001960CE /* PBXContainerItemProxy */;
		};
		37071D9021008508001960CE /* PBXTargetDependency */ = {
			isa = PBXTargetDependency;
			target = 37071D6A21008507001960CE /* 折叠cell+快速定位 */;
			targetProxy = 37071D8F21008508001960CE /* PBXContainerItemProxy */;
		};
/* End PBXTargetDependency section */

/* Begin PBXVariantGroup section */
		37071D7421008507001960CE /* Main.storyboard */ = {
			isa = PBXVariantGroup;
			children = (
				37071D7521008507001960CE /* Base */,
			);
			name = Main.storyboard;
			sourceTree = "<group>";
		};
		37071D7921008508001960CE /* LaunchScreen.storyboard */ = {
			isa = PBXVariantGroup;
			children = (
				37071D7A21008508001960CE /* Base */,
			);
			name = LaunchScreen.storyboard;
			sourceTree = "<group>";
		};
/* End PBXVariantGroup section */

/* Begin XCBuildConfiguration section */
		37071D9521008508001960CE /* Debug */ = {
			isa = XCBuildConfiguration;
			buildSettings = {
				ALWAYS_SEARCH_USER_PATHS = NO;
				CLANG_ANALYZER_NONNULL = YES;
				CLANG_ANALYZER_NUMBER_OBJECT_CONVERSION = YES_AGGRESSIVE;
				CLANG_CXX_LANGUAGE_STANDARD = "gnu++14";
				CLANG_CXX_LIBRARY = "libc++";
				CLANG_ENABLE_MODULES = YES;
				CLANG_ENABLE_OBJC_ARC = YES;
				CLANG_ENABLE_OBJC_WEAK = YES;
				CLANG_WARN_BLOCK_CAPTURE_AUTORELEASING = YES;
				CLANG_WARN_BOOL_CONVERSION = YES;
				CLANG_WARN_COMMA = YES;
				CLANG_WARN_CONSTANT_CONVERSION = YES;
				CLANG_WARN_DEPRECATED_OBJC_IMPLEMENTATIONS = YES;
				CLANG_WARN_DIRECT_OBJC_ISA_USAGE = YES_ERROR;
				CLANG_WARN_DOCUMENTATION_COMMENTS = YES;
				CLANG_WARN_EMPTY_BODY = YES;
				CLANG_WARN_ENUM_CONVERSION = YES;
				CLANG_WARN_INFINITE_RECURSION = YES;
				CLANG_WARN_INT_CONVERSION = YES;
				CLANG_WARN_NON_LITERAL_NULL_CONVERSION = YES;
				CLANG_WARN_OBJC_IMPLICIT_RETAIN_SELF = YES;
				CLANG_WARN_OBJC_LITERAL_CONVERSION = YES;
				CLANG_WARN_OBJC_ROOT_CLASS = YES_ERROR;
				CLANG_WARN_RANGE_LOOP_ANALYSIS = YES;
				CLANG_WARN_STRICT_PROTOTYPES = YES;
				CLANG_WARN_SUSPICIOUS_MOVE = YES;
				CLANG_WARN_UNGUARDED_AVAILABILITY = YES_AGGRESSIVE;
				CLANG_WARN_UNREACHABLE_CODE = YES;
				CLANG_WARN__DUPLICATE_METHOD_MATCH = YES;
				CODE_SIGN_IDENTITY = "iPhone Developer";
				COPY_PHASE_STRIP = NO;
				DEBUG_INFORMATION_FORMAT = dwarf;
				ENABLE_STRICT_OBJC_MSGSEND = YES;
				ENABLE_TESTABILITY = YES;
				GCC_C_LANGUAGE_STANDARD = gnu11;
				GCC_DYNAMIC_NO_PIC = NO;
				GCC_NO_COMMON_BLOCKS = YES;
				GCC_OPTIMIZATION_LEVEL = 0;
				GCC_PREPROCESSOR_DEFINITIONS = (
					"DEBUG=1",
					"$(inherited)",
				);
				GCC_WARN_64_TO_32_BIT_CONVERSION = YES;
				GCC_WARN_ABOUT_RETURN_TYPE = YES_ERROR;
				GCC_WARN_UNDECLARED_SELECTOR = YES;
				GCC_WARN_UNINITIALIZED_AUTOS = YES_AGGRESSIVE;
				GCC_WARN_UNUSED_FUNCTION = YES;
				GCC_WARN_UNUSED_VARIABLE = YES;
				IPHONEOS_DEPLOYMENT_TARGET = 11.4;
				MTL_ENABLE_DEBUG_INFO = YES;
				ONLY_ACTIVE_ARCH = YES;
				SDKROOT = iphoneos;
			};
			name = Debug;
		};
		37071D9621008508001960CE /* Release */ = {
			isa = XCBuildConfiguration;
			buildSettings = {
				ALWAYS_SEARCH_USER_PATHS = NO;
				CLANG_ANALYZER_NONNULL = YES;
				CLANG_ANALYZER_NUMBER_OBJECT_CONVERSION = YES_AGGRESSIVE;
				CLANG_CXX_LANGUAGE_STANDARD = "gnu++14";
				CLANG_CXX_LIBRARY = "libc++";
				CLANG_ENABLE_MODULES = YES;
				CLANG_ENABLE_OBJC_ARC = YES;
				CLANG_ENABLE_OBJC_WEAK = YES;
				CLANG_WARN_BLOCK_CAPTURE_AUTORELEASING = YES;
				CLANG_WARN_BOOL_CONVERSION = YES;
				CLANG_WARN_COMMA = YES;
				CLANG_WARN_CONSTANT_CONVERSION = YES;
				CLANG_WARN_DEPRECATED_OBJC_IMPLEMENTATIONS = YES;
				CLANG_WARN_DIRECT_OBJC_ISA_USAGE = YES_ERROR;
				CLANG_WARN_DOCUMENTATION_COMMENTS = YES;
				CLANG_WARN_EMPTY_BODY = YES;
				CLANG_WARN_ENUM_CONVERSION = YES;
				CLANG_WARN_INFINITE_RECURSION = YES;
				CLANG_WARN_INT_CONVERSION = YES;
				CLANG_WARN_NON_LITERAL_NULL_CONVERSION = YES;
				CLANG_WARN_OBJC_IMPLICIT_RETAIN_SELF = YES;
				CLANG_WARN_OBJC_LITERAL_CONVERSION = YES;
				CLANG_WARN_OBJC_ROOT_CLASS = YES_ERROR;
				CLANG_WARN_RANGE_LOOP_ANALYSIS = YES;
				CLANG_WARN_STRICT_PROTOTYPES = YES;
				CLANG_WARN_SUSPICIOUS_MOVE = YES;
				CLANG_WARN_UNGUARDED_AVAILABILITY = YES_AGGRESSIVE;
				CLANG_WARN_UNREACHABLE_CODE = YES;
				CLANG_WARN__DUPLICATE_METHOD_MATCH = YES;
				CODE_SIGN_IDENTITY = "iPhone Developer";
				COPY_PHASE_STRIP = NO;
				DEBUG_INFORMATION_FORMAT = "dwarf-with-dsym";
				ENABLE_NS_ASSERTIONS = NO;
				ENABLE_STRICT_OBJC_MSGSEND = YES;
				GCC_C_LANGUAGE_STANDARD = gnu11;
				GCC_NO_COMMON_BLOCKS = YES;
				GCC_WARN_64_TO_32_BIT_CONVERSION = YES;
				GCC_WARN_ABOUT_RETURN_TYPE = YES_ERROR;
				GCC_WARN_UNDECLARED_SELECTOR = YES;
				GCC_WARN_UNINITIALIZED_AUTOS = YES_AGGRESSIVE;
				GCC_WARN_UNUSED_FUNCTION = YES;
				GCC_WARN_UNUSED_VARIABLE = YES;
				IPHONEOS_DEPLOYMENT_TARGET = 11.4;
				MTL_ENABLE_DEBUG_INFO = NO;
				SDKROOT = iphoneos;
				VALIDATE_PRODUCT = YES;
			};
			name = Release;
		};
		37071D9821008508001960CE /* Debug */ = {
			isa = XCBuildConfiguration;
			buildSettings = {
				ASSETCATALOG_COMPILER_APPICON_NAME = AppIcon;
				CODE_SIGN_STYLE = Automatic;
				INFOPLIST_FILE = "折叠cell+快速定位/Info.plist";
				LD_RUNPATH_SEARCH_PATHS = (
					"$(inherited)",
					"@executable_path/Frameworks",
				);
				PRODUCT_BUNDLE_IDENTIFIER = "laierfu-medical.--cell-----";
				PRODUCT_NAME = "$(TARGET_NAME)";
				TARGETED_DEVICE_FAMILY = "1,2";
			};
			name = Debug;
		};
		37071D9921008508001960CE /* Release */ = {
			isa = XCBuildConfiguration;
			buildSettings = {
				ASSETCATALOG_COMPILER_APPICON_NAME = AppIcon;
				CODE_SIGN_STYLE = Automatic;
				INFOPLIST_FILE = "折叠cell+快速定位/Info.plist";
				LD_RUNPATH_SEARCH_PATHS = (
					"$(inherited)",
					"@executable_path/Frameworks",
				);
				PRODUCT_BUNDLE_IDENTIFIER = "laierfu-medical.--cell-----";
				PRODUCT_NAME = "$(TARGET_NAME)";
				TARGETED_DEVICE_FAMILY = "1,2";
			};
			name = Release;
		};
		37071D9B21008508001960CE /* Debug */ = {
			isa = XCBuildConfiguration;
			buildSettings = {
				BUNDLE_LOADER = "$(TEST_HOST)";
				CODE_SIGN_STYLE = Automatic;
				INFOPLIST_FILE = "折叠cell+快速定位Tests/Info.plist";
				LD_RUNPATH_SEARCH_PATHS = (
					"$(inherited)",
					"@executable_path/Frameworks",
					"@loader_path/Frameworks",
				);
				PRODUCT_BUNDLE_IDENTIFIER = "laierfu-medical.--cell-----Tests";
				PRODUCT_NAME = "$(TARGET_NAME)";
				TARGETED_DEVICE_FAMILY = "1,2";
				TEST_HOST = "$(BUILT_PRODUCTS_DIR)/折叠cell+快速定位.app/折叠cell+快速定位";
			};
			name = Debug;
		};
		37071D9C21008508001960CE /* Release */ = {
			isa = XCBuildConfiguration;
			buildSettings = {
				BUNDLE_LOADER = "$(TEST_HOST)";
				CODE_SIGN_STYLE = Automatic;
				INFOPLIST_FILE = "折叠cell+快速定位Tests/Info.plist";
				LD_RUNPATH_SEARCH_PATHS = (
					"$(inherited)",
					"@executable_path/Frameworks",
					"@loader_path/Frameworks",
				);
				PRODUCT_BUNDLE_IDENTIFIER = "laierfu-medical.--cell-----Tests";
				PRODUCT_NAME = "$(TARGET_NAME)";
				TARGETED_DEVICE_FAMILY = "1,2";
				TEST_HOST = "$(BUILT_PRODUCTS_DIR)/折叠cell+快速定位.app/折叠cell+快速定位";
			};
			name = Release;
		};
		37071D9E21008508001960CE /* Debug */ = {
			isa = XCBuildConfiguration;
			buildSettings = {
				CODE_SIGN_STYLE = Automatic;
				INFOPLIST_FILE = "折叠cell+快速定位UITests/Info.plist";
				LD_RUNPATH_SEARCH_PATHS = (
					"$(inherited)",
					"@executable_path/Frameworks",
					"@loader_path/Frameworks",
				);
				PRODUCT_BUNDLE_IDENTIFIER = "laierfu-medical.--cell-----UITests";
				PRODUCT_NAME = "$(TARGET_NAME)";
				TARGETED_DEVICE_FAMILY = "1,2";
				TEST_TARGET_NAME = "折叠cell+快速定位";
			};
			name = Debug;
		};
		37071D9F21008508001960CE /* Release */ = {
			isa = XCBuildConfiguration;
			buildSettings = {
				CODE_SIGN_STYLE = Automatic;
				INFOPLIST_FILE = "折叠cell+快速定位UITests/Info.plist";
				LD_RUNPATH_SEARCH_PATHS = (
					"$(inherited)",
					"@executable_path/Frameworks",
					"@loader_path/Frameworks",
				);
				PRODUCT_BUNDLE_IDENTIFIER = "laierfu-medical.--cell-----UITests";
				PRODUCT_NAME = "$(TARGET_NAME)";
				TARGETED_DEVICE_FAMILY = "1,2";
				TEST_TARGET_NAME = "折叠cell+快速定位";
			};
			name = Release;
		};
/* End XCBuildConfiguration section */

/* Begin XCConfigurationList section */
		37071D6621008507001960CE /* Build configuration list for PBXProject "折叠cell+快速定位" */ = {
			isa = XCConfigurationList;
			buildConfigurations = (
				37071D9521008508001960CE /* Debug */,
				37071D9621008508001960CE /* Release */,
			);
			defaultConfigurationIsVisible = 0;
			defaultConfigurationName = Release;
		};
		37071D9721008508001960CE /* Build configuration list for PBXNativeTarget "折叠cell+快速定位" */ = {
			isa = XCConfigurationList;
			buildConfigurations = (
				37071D9821008508001960CE /* Debug */,
				37071D9921008508001960CE /* Release */,
			);
			defaultConfigurationIsVisible = 0;
			defaultConfigurationName = Release;
		};
		37071D9A21008508001960CE /* Build configuration list for PBXNativeTarget "折叠cell+快速定位Tests" */ = {
			isa = XCConfigurationList;
			buildConfigurations = (
				37071D9B21008508001960CE /* Debug */,
				37071D9C21008508001960CE /* Release */,
			);
			defaultConfigurationIsVisible = 0;
			defaultConfigurationName = Release;
		};
		37071D9D21008508001960CE /* Build configuration list for PBXNativeTarget "折叠cell+快速定位UITests" */ = {
			isa = XCConfigurationList;
			buildConfigurations = (
				37071D9E21008508001960CE /* Debug */,
				37071D9F21008508001960CE /* Release */,
			);
			defaultConfigurationIsVisible = 0;
			defaultConfigurationName = Release;
		};
/* End XCConfigurationList section */
	};
	rootObject = 37071D6321008507001960CE /* Project object */;
}
